
Microsoft Visual Studio Solution File, Format Version 12.00
# Visual Studio Version 17
VisualStudioVersion = 17.7.34202.233
MinimumVisualStudioVersion = 10.0.40219.1
Project("{F184B08F-C81C-45F6-A57F-5ABD9991F28F}") = "ModbusRTU", "ModbusRTU.vbproj", "{3F0C5B79-556C-4832-BFF1-22690EE6BE5D}"
EndProject
Global
	GlobalSection(SolutionConfigurationPlatforms) = preSolution
		Debug|Any CPU = Debug|Any CPU
		Release|Any CPU = Release|Any CPU
	EndGlobalSection
	GlobalSection(ProjectConfigurationPlatforms) = postSolution
		{3F0C5B79-556C-4832-BFF1-22690EE6BE5D}.Debug|Any CPU.ActiveCfg = Debug|Any CPU
		{3F0C5B79-556C-4832-BFF1-22690EE6BE5D}.Debug|Any CPU.Build.0 = Debug|Any CPU
		{3F0C5B79-556C-4832-BFF1-22690EE6BE5D}.Release|Any CPU.ActiveCfg = Release|Any CPU
		{3F0C5B79-556C-4832-BFF1-22690EE6BE5D}.Release|Any CPU.Build.0 = Release|Any CPU
	EndGlobalSection
	GlobalSection(SolutionProperties) = preSolution
		HideSolutionNode = FALSE
	EndGlobalSection
	GlobalSection(ExtensibilityGlobals) = postSolution
		SolutionGuid = {32C20AC3-CA3C-450F-964D-0788B8F60FB7}
	EndGlobalSection
EndGlobal
