
Microsoft Visual Studio Solution File, Format Version 12.00
# Visual Studio Version 17
VisualStudioVersion = 17.7.34202.233
MinimumVisualStudioVersion = 10.0.40219.1
Project("{F184B08F-C81C-45F6-A57F-5ABD9991F28F}") = "test", "test.vbproj", "{86E1ECE9-CECD-49AD-BA97-E88567A4091A}"
EndProject
Global
	GlobalSection(SolutionConfigurationPlatforms) = preSolution
		Debug|Any CPU = Debug|Any CPU
		Release|Any CPU = Release|Any CPU
	EndGlobalSection
	GlobalSection(ProjectConfigurationPlatforms) = postSolution
		{86E1ECE9-CECD-49AD-BA97-E88567A4091A}.Debug|Any CPU.ActiveCfg = Debug|Any CPU
		{86E1ECE9-CECD-49AD-BA97-E88567A4091A}.Debug|Any CPU.Build.0 = Debug|Any CPU
		{86E1ECE9-CECD-49AD-BA97-E88567A4091A}.Release|Any CPU.ActiveCfg = Release|Any CPU
		{86E1ECE9-CECD-49AD-BA97-E88567A4091A}.Release|Any CPU.Build.0 = Release|Any CPU
	EndGlobalSection
	GlobalSection(SolutionProperties) = preSolution
		HideSolutionNode = FALSE
	EndGlobalSection
	GlobalSection(ExtensibilityGlobals) = postSolution
		SolutionGuid = {67922187-B32E-44B7-97EF-BF486A5D8616}
	EndGlobalSection
EndGlobal
